
Microsoft Visual Studio Solution File, Format Version 12.00
# Visual Studio Version 17
VisualStudioVersion = 17.6.33723.286
MinimumVisualStudioVersion = 10.0.40219.1
Project("{FAE04EC0-301F-11D3-BF4B-00C04F79EFBC}") = "chatClient", "chatClient\chatClient.csproj", "{7F218EB5-9DFB-47CE-80A3-BC2CA665B1D0}"
EndProject
Project("{FAE04EC0-301F-11D3-BF4B-00C04F79EFBC}") = "chatServer", "chatServer\chatServer.csproj", "{D5A18320-AE33-4F47-951B-1C45A6E5428D}"
EndProject
Global
	GlobalSection(SolutionConfigurationPlatforms) = preSolution
		Debug|Any CPU = Debug|Any CPU
		Release|Any CPU = Release|Any CPU
	EndGlobalSection
	GlobalSection(ProjectConfigurationPlatforms) = postSolution
		{7F218EB5-9DFB-47CE-80A3-BC2CA665B1D0}.Debug|Any CPU.ActiveCfg = Debug|Any CPU
		{7F218EB5-9DFB-47CE-80A3-BC2CA665B1D0}.Debug|Any CPU.Build.0 = Debug|Any CPU
		{7F218EB5-9DFB-47CE-80A3-BC2CA665B1D0}.Release|Any CPU.ActiveCfg = Release|Any CPU
		{7F218EB5-9DFB-47CE-80A3-BC2CA665B1D0}.Release|Any CPU.Build.0 = Release|Any CPU
		{D5A18320-AE33-4F47-951B-1C45A6E5428D}.Debug|Any CPU.ActiveCfg = Debug|Any CPU
		{D5A18320-AE33-4F47-951B-1C45A6E5428D}.Debug|Any CPU.Build.0 = Debug|Any CPU
		{D5A18320-AE33-4F47-951B-1C45A6E5428D}.Release|Any CPU.ActiveCfg = Release|Any CPU
		{D5A18320-AE33-4F47-951B-1C45A6E5428D}.Release|Any CPU.Build.0 = Release|Any CPU
	EndGlobalSection
	GlobalSection(SolutionProperties) = preSolution
		HideSolutionNode = FALSE
	EndGlobalSection
	GlobalSection(ExtensibilityGlobals) = postSolution
		SolutionGuid = {F689E3B4-74AA-4774-93DC-7467DA189F2C}
	EndGlobalSection
EndGlobal
